
Microsoft Visual Studio Solution File, Format Version 12.00
# Visual Studio Version 17
VisualStudioVersion = 17.4.33213.308
MinimumVisualStudioVersion = 10.0.40219.1
Project("{FAE04EC0-301F-11D3-BF4B-00C04F79EFBC}") = "CsvRW", "CsvRW\CsvRW.csproj", "{F04108CA-68FC-4F88-92FE-F3B20EC3C480}"
EndProject
Global
	GlobalSection(SolutionConfigurationPlatforms) = preSolution
		Debug|Any CPU = Debug|Any CPU
		Release|Any CPU = Release|Any CPU
	EndGlobalSection
	GlobalSection(ProjectConfigurationPlatforms) = postSolution
		{F04108CA-68FC-4F88-92FE-F3B20EC3C480}.Debug|Any CPU.ActiveCfg = Debug|Any CPU
		{F04108CA-68FC-4F88-92FE-F3B20EC3C480}.Debug|Any CPU.Build.0 = Debug|Any CPU
		{F04108CA-68FC-4F88-92FE-F3B20EC3C480}.Release|Any CPU.ActiveCfg = Release|Any CPU
		{F04108CA-68FC-4F88-92FE-F3B20EC3C480}.Release|Any CPU.Build.0 = Release|Any CPU
	EndGlobalSection
	GlobalSection(SolutionProperties) = preSolution
		HideSolutionNode = FALSE
	EndGlobalSection
	GlobalSection(ExtensibilityGlobals) = postSolution
		SolutionGuid = {2E1660A4-DD4A-41AE-8865-66BBDD48F888}
	EndGlobalSection
EndGlobal
